
Microsoft Visual Studio Solution File, Format Version 12.00
# Visual Studio 15
VisualStudioVersion = 15.0.27703.2042
MinimumVisualStudioVersion = 10.0.40219.1
Project("{FAE04EC0-301F-11D3-BF4B-00C04F79EFBC}") = "DMLService", "DMLService\DMLService.csproj", "{87A440C3-8F8B-4A80-A434-FC5E45C831D0}"
EndProject
Project("{FAE04EC0-301F-11D3-BF4B-00C04F79EFBC}") = "TestClient", "TestClient\TestClient.csproj", "{532DB796-E89C-4F89-B0E8-B6239AECA74F}"
EndProject
Global
	GlobalSection(SolutionConfigurationPlatforms) = preSolution
		Debug|Any CPU = Debug|Any CPU
		Release|Any CPU = Release|Any CPU
	EndGlobalSection
	GlobalSection(ProjectConfigurationPlatforms) = postSolution
		{87A440C3-8F8B-4A80-A434-FC5E45C831D0}.Debug|Any CPU.ActiveCfg = Debug|Any CPU
		{87A440C3-8F8B-4A80-A434-FC5E45C831D0}.Debug|Any CPU.Build.0 = Debug|Any CPU
		{87A440C3-8F8B-4A80-A434-FC5E45C831D0}.Release|Any CPU.ActiveCfg = Release|Any CPU
		{87A440C3-8F8B-4A80-A434-FC5E45C831D0}.Release|Any CPU.Build.0 = Release|Any CPU
		{532DB796-E89C-4F89-B0E8-B6239AECA74F}.Debug|Any CPU.ActiveCfg = Debug|Any CPU
		{532DB796-E89C-4F89-B0E8-B6239AECA74F}.Debug|Any CPU.Build.0 = Debug|Any CPU
		{532DB796-E89C-4F89-B0E8-B6239AECA74F}.Release|Any CPU.ActiveCfg = Release|Any CPU
		{532DB796-E89C-4F89-B0E8-B6239AECA74F}.Release|Any CPU.Build.0 = Release|Any CPU
	EndGlobalSection
	GlobalSection(SolutionProperties) = preSolution
		HideSolutionNode = FALSE
	EndGlobalSection
	GlobalSection(ExtensibilityGlobals) = postSolution
		SolutionGuid = {3D8ED56C-1672-45B3-8F3F-A57EE29BBD5D}
	EndGlobalSection
EndGlobal
